// !$*UTF8*$!
{
	archiveVersion = 1;
	classes = {
	};
	objectVersion = 50;
	objects = {

/* Begin PBXBuildFile section */
		5CF8D32D24FA772600EC8F60 /* AppDelegate.swift in Sources */ = {isa = PBXBuildFile; fileRef = 5CF8D32C24FA772600EC8F60 /* AppDelegate.swift */; };
		5CF8D32F24FA772600EC8F60 /* SceneDelegate.swift in Sources */ = {isa = PBXBuildFile; fileRef = 5CF8D32E24FA772600EC8F60 /* SceneDelegate.swift */; };
		5CF8D33124FA772600EC8F60 /* ViewController.swift in Sources */ = {isa = PBXBuildFile; fileRef = 5CF8D33024FA772600EC8F60 /* ViewController.swift */; };
		5CF8D33424FA772600EC8F60 /* Main.storyboard in Resources */ = {isa = PBXBuildFile; fileRef = 5CF8D33224FA772600EC8F60 /* Main.storyboard */; };
		5CF8D33624FA772700EC8F60 /* Assets.xcassets in Resources */ = {isa = PBXBuildFile; fileRef = 5CF8D33524FA772700EC8F60 /* Assets.xcassets */; };
		5CF8D33924FA772700EC8F60 /* LaunchScreen.storyboard in Resources */ = {isa = PBXBuildFile; fileRef = 5CF8D33724FA772700EC8F60 /* LaunchScreen.storyboard */; };
		5CF8D34424FA772700EC8F60 /* CoffeePopTests.swift in Sources */ = {isa = PBXBuildFile; fileRef = 5CF8D34324FA772700EC8F60 /* CoffeePopTests.swift */; };
		5CF8D34F24FA772700EC8F60 /* CoffeePopUITests.swift in Sources */ = {isa = PBXBuildFile; fileRef = 5CF8D34E24FA772700EC8F60 /* CoffeePopUITests.swift */; };
/* End PBXBuildFile section */

/* Begin PBXContainerItemProxy section */
		5CF8D34024FA772700EC8F60 /* PBXContainerItemProxy */ = {
			isa = PBXContainerItemProxy;
			containerPortal = 5CF8D32124FA772600EC8F60 /* Project object */;
			proxyType = 1;
			remoteGlobalIDString = 5CF8D32824FA772600EC8F60;
			remoteInfo = CoffeePop;
		};
		5CF8D34B24FA772700EC8F60 /* PBXContainerItemProxy */ = {
			isa = PBXContainerItemProxy;
			containerPortal = 5CF8D32124FA772600EC8F60 /* Project object */;
			proxyType = 1;
			remoteGlobalIDString = 5CF8D32824FA772600EC8F60;
			remoteInfo = CoffeePop;
		};
/* End PBXContainerItemProxy section */

/* Begin PBXFileReference section */
		5CF8D32924FA772600EC8F60 /* CoffeePop.app */ = {isa = PBXFileReference; explicitFileType = wrapper.application; includeInIndex = 0; path = CoffeePop.app; sourceTree = BUILT_PRODUCTS_DIR; };
		5CF8D32C24FA772600EC8F60 /* AppDelegate.swift */ = {isa = PBXFileReference; lastKnownFileType = sourcecode.swift; path = AppDelegate.swift; sourceTree = "<group>"; };
		5CF8D32E24FA772600EC8F60 /* SceneDelegate.swift */ = {isa = PBXFileReference; lastKnownFileType = sourcecode.swift; path = SceneDelegate.swift; sourceTree = "<group>"; };
		5CF8D33024FA772600EC8F60 /* ViewController.swift */ = {isa = PBXFileReference; lastKnownFileType = sourcecode.swift; path = ViewController.swift; sourceTree = "<group>"; };
		5CF8D33324FA772600EC8F60 /* Base */ = {isa = PBXFileReference; lastKnownFileType = file.storyboard; name = Base; path = Base.lproj/Main.storyboard; sourceTree = "<group>"; };
		5CF8D33524FA772700EC8F60 /* Assets.xcassets */ = {isa = PBXFileReference; lastKnownFileType = folder.assetcatalog; path = Assets.xcassets; sourceTree = "<group>"; };
		5CF8D33824FA772700EC8F60 /* Base */ = {isa = PBXFileReference; lastKnownFileType = file.storyboard; name = Base; path = Base.lproj/LaunchScreen.storyboard; sourceTree = "<group>"; };
		5CF8D33A24FA772700EC8F60 /* Info.plist */ = {isa = PBXFileReference; lastKnownFileType = text.plist.xml; path = Info.plist; sourceTree = "<group>"; };
		5CF8D33F24FA772700EC8F60 /* CoffeePopTests.xctest */ = {isa = PBXFileReference; explicitFileType = wrapper.cfbundle; includeInIndex = 0; path = CoffeePopTests.xctest; sourceTree = BUILT_PRODUCTS_DIR; };
		5CF8D34324FA772700EC8F60 /* CoffeePopTests.swift */ = {isa = PBXFileReference; lastKnownFileType = sourcecode.swift; path = CoffeePopTests.swift; sourceTree = "<group>"; };
		5CF8D34524FA772700EC8F60 /* Info.plist */ = {isa = PBXFileReference; lastKnownFileType = text.plist.xml; path = Info.plist; sourceTree = "<group>"; };
		5CF8D34A24FA772700EC8F60 /* CoffeePopUITests.xctest */ = {isa = PBXFileReference; explicitFileType = wrapper.cfbundle; includeInIndex = 0; path = CoffeePopUITests.xctest; sourceTree = BUILT_PRODUCTS_DIR; };
		5CF8D34E24FA772700EC8F60 /* CoffeePopUITests.swift */ = {isa = PBXFileReference; lastKnownFileType = sourcecode.swift; path = CoffeePopUITests.swift; sourceTree = "<group>"; };
		5CF8D35024FA772700EC8F60 /* Info.plist */ = {isa = PBXFileReference; lastKnownFileType = text.plist.xml; path = Info.plist; sourceTree = "<group>"; };
/* End PBXFileReference section */

/* Begin PBXFrameworksBuildPhase section */
		5CF8D32624FA772600EC8F60 /* Frameworks */ = {
			isa = PBXFrameworksBuildPhase;
			buildActionMask = 2147483647;
			files = (
			);
			runOnlyForDeploymentPostprocessing = 0;
		};
		5CF8D33C24FA772700EC8F60 /* Frameworks */ = {
			isa = PBXFrameworksBuildPhase;
			buildActionMask = 2147483647;
			files = (
			);
			runOnlyForDeploymentPostprocessing = 0;
		};
		5CF8D34724FA772700EC8F60 /* Frameworks */ = {
			isa = PBXFrameworksBuildPhase;
			buildActionMask = 2147483647;
			files = (
			);
			runOnlyForDeploymentPostprocessing = 0;
		};
/* End PBXFrameworksBuildPhase section */

/* Begin PBXGroup section */
		5CF8D32024FA772600EC8F60 = {
			isa = PBXGroup;
			children = (
				5CF8D32B24FA772600EC8F60 /* CoffeePop */,
				5CF8D34224FA772700EC8F60 /* CoffeePopTests */,
				5CF8D34D24FA772700EC8F60 /* CoffeePopUITests */,
				5CF8D32A24FA772600EC8F60 /* Products */,
			);
			sourceTree = "<group>";
		};
		5CF8D32A24FA772600EC8F60 /* Products */ = {
			isa = PBXGroup;
			children = (
				5CF8D32924FA772600EC8F60 /* CoffeePop.app */,
				5CF8D33F24FA772700EC8F60 /* CoffeePopTests.xctest */,
				5CF8D34A24FA772700EC8F60 /* CoffeePopUITests.xctest */,
			);
			name = Products;
			sourceTree = "<group>";
		};
		5CF8D32B24FA772600EC8F60 /* CoffeePop */ = {
			isa = PBXGroup;
			children = (
				5CF8D32C24FA772600EC8F60 /* AppDelegate.swift */,
				5CF8D32E24FA772600EC8F60 /* SceneDelegate.swift */,
				5CF8D33024FA772600EC8F60 /* ViewController.swift */,
				5CF8D33224FA772600EC8F60 /* Main.storyboard */,
				5CF8D33524FA772700EC8F60 /* Assets.xcassets */,
				5CF8D33724FA772700EC8F60 /* LaunchScreen.storyboard */,
				5CF8D33A24FA772700EC8F60 /* Info.plist */,
			);
			path = CoffeePop;
			sourceTree = "<group>";
		};
		5CF8D34224FA772700EC8F60 /* CoffeePopTests */ = {
			isa = PBXGroup;
			children = (
				5CF8D34324FA772700EC8F60 /* CoffeePopTests.swift */,
				5CF8D34524FA772700EC8F60 /* Info.plist */,
			);
			path = CoffeePopTests;
			sourceTree = "<group>";
		};
		5CF8D34D24FA772700EC8F60 /* CoffeePopUITests */ = {
			isa = PBXGroup;
			children = (
				5CF8D34E24FA772700EC8F60 /* CoffeePopUITests.swift */,
				5CF8D35024FA772700EC8F60 /* Info.plist */,
			);
			path = CoffeePopUITests;
			sourceTree = "<group>";
		};
/* End PBXGroup section */

/* Begin PBXNativeTarget section */
		5CF8D32824FA772600EC8F60 /* CoffeePop */ = {
			isa = PBXNativeTarget;
			buildConfigurationList = 5CF8D35324FA772700EC8F60 /* Build configuration list for PBXNativeTarget "CoffeePop" */;
			buildPhases = (
				5CF8D32524FA772600EC8F60 /* Sources */,
				5CF8D32624FA772600EC8F60 /* Frameworks */,
				5CF8D32724FA772600EC8F60 /* Resources */,
			);
			buildRules = (
			);
			dependencies = (
			);
			name = CoffeePop;
			productName = CoffeePop;
			productReference = 5CF8D32924FA772600EC8F60 /* CoffeePop.app */;
			productType = "com.apple.product-type.application";
		};
		5CF8D33E24FA772700EC8F60 /* CoffeePopTests */ = {
			isa = PBXNativeTarget;
			buildConfigurationList = 5CF8D35624FA772700EC8F60 /* Build configuration list for PBXNativeTarget "CoffeePopTests" */;
			buildPhases = (
				5CF8D33B24FA772700EC8F60 /* Sources */,
				5CF8D33C24FA772700EC8F60 /* Frameworks */,
				5CF8D33D24FA772700EC8F60 /* Resources */,
			);
			buildRules = (
			);
			dependencies = (
				5CF8D34124FA772700EC8F60 /* PBXTargetDependency */,
			);
			name = CoffeePopTests;
			productName = CoffeePopTests;
			productReference = 5CF8D33F24FA772700EC8F60 /* CoffeePopTests.xctest */;
			productType = "com.apple.product-type.bundle.unit-test";
		};
		5CF8D34924FA772700EC8F60 /* CoffeePopUITests */ = {
			isa = PBXNativeTarget;
			buildConfigurationList = 5CF8D35924FA772700EC8F60 /* Build configuration list for PBXNativeTarget "CoffeePopUITests" */;
			buildPhases = (
				5CF8D34624FA772700EC8F60 /* Sources */,
				5CF8D34724FA772700EC8F60 /* Frameworks */,
				5CF8D34824FA772700EC8F60 /* Resources */,
			);
			buildRules = (
			);
			dependencies = (
				5CF8D34C24FA772700EC8F60 /* PBXTargetDependency */,
			);
			name = CoffeePopUITests;
			productName = CoffeePopUITests;
			productReference = 5CF8D34A24FA772700EC8F60 /* CoffeePopUITests.xctest */;
			productType = "com.apple.product-type.bundle.ui-testing";
		};
/* End PBXNativeTarget section */

/* Begin PBXProject section */
		5CF8D32124FA772600EC8F60 /* Project object */ = {
			isa = PBXProject;
			attributes = {
				LastSwiftUpdateCheck = 1150;
				LastUpgradeCheck = 1150;
				ORGANIZATIONNAME = "Shreyas Vilaschandra Bhike";
				TargetAttributes = {
					5CF8D32824FA772600EC8F60 = {
						CreatedOnToolsVersion = 11.5;
					};
					5CF8D33E24FA772700EC8F60 = {
						CreatedOnToolsVersion = 11.5;
						TestTargetID = 5CF8D32824FA772600EC8F60;
					};
					5CF8D34924FA772700EC8F60 = {
						CreatedOnToolsVersion = 11.5;
						TestTargetID = 5CF8D32824FA772600EC8F60;
					};
				};
			};
			buildConfigurationList = 5CF8D32424FA772600EC8F60 /* Build configuration list for PBXProject "CoffeePop" */;
			compatibilityVersion = "Xcode 9.3";
			developmentRegion = en;
			hasScannedForEncodings = 0;
			knownRegions = (
				en,
				Base,
			);
			mainGroup = 5CF8D32024FA772600EC8F60;
			productRefGroup = 5CF8D32A24FA772600EC8F60 /* Products */;
			projectDirPath = "";
			projectRoot = "";
			targets = (
				5CF8D32824FA772600EC8F60 /* CoffeePop */,
				5CF8D33E24FA772700EC8F60 /* CoffeePopTests */,
				5CF8D34924FA772700EC8F60 /* CoffeePopUITests */,
			);
		};
/* End PBXProject section */

/* Begin PBXResourcesBuildPhase section */
		5CF8D32724FA772600EC8F60 /* Resources */ = {
			isa = PBXResourcesBuildPhase;
			buildActionMask = 2147483647;
			files = (
				5CF8D33924FA772700EC8F60 /* LaunchScreen.storyboard in Resources */,
				5CF8D33624FA772700EC8F60 /* Assets.xcassets in Resources */,
				5CF8D33424FA772600EC8F60 /* Main.storyboard in Resources */,
			);
			runOnlyForDeploymentPostprocessing = 0;
		};
		5CF8D33D24FA772700EC8F60 /* Resources */ = {
			isa = PBXResourcesBuildPhase;
			buildActionMask = 2147483647;
			files = (
			);
			runOnlyForDeploymentPostprocessing = 0;
		};
		5CF8D34824FA772700EC8F60 /* Resources */ = {
			isa = PBXResourcesBuildPhase;
			buildActionMask = 2147483647;
			files = (
			);
			runOnlyForDeploymentPostprocessing = 0;
		};
/* End PBXResourcesBuildPhase section */

/* Begin PBXSourcesBuildPhase section */
		5CF8D32524FA772600EC8F60 /* Sources */ = {
			isa = PBXSourcesBuildPhase;
			buildActionMask = 2147483647;
			files = (
				5CF8D33124FA772600EC8F60 /* ViewController.swift in Sources */,
				5CF8D32D24FA772600EC8F60 /* AppDelegate.swift in Sources */,
				5CF8D32F24FA772600EC8F60 /* SceneDelegate.swift in Sources */,
			);
			runOnlyForDeploymentPostprocessing = 0;
		};
		5CF8D33B24FA772700EC8F60 /* Sources */ = {
			isa = PBXSourcesBuildPhase;
			buildActionMask = 2147483647;
			files = (
				5CF8D34424FA772700EC8F60 /* CoffeePopTests.swift in Sources */,
			);
			runOnlyForDeploymentPostprocessing = 0;
		};
		5CF8D34624FA772700EC8F60 /* Sources */ = {
			isa = PBXSourcesBuildPhase;
			buildActionMask = 2147483647;
			files = (
				5CF8D34F24FA772700EC8F60 /* CoffeePopUITests.swift in Sources */,
			);
			runOnlyForDeploymentPostprocessing = 0;
		};
/* End PBXSourcesBuildPhase section */

/* Begin PBXTargetDependency section */
		5CF8D34124FA772700EC8F60 /* PBXTargetDependency */ = {
			isa = PBXTargetDependency;
			target = 5CF8D32824FA772600EC8F60 /* CoffeePop */;
			targetProxy = 5CF8D34024FA772700EC8F60 /* PBXContainerItemProxy */;
		};
		5CF8D34C24FA772700EC8F60 /* PBXTargetDependency */ = {
			isa = PBXTargetDependency;
			target = 5CF8D32824FA772600EC8F60 /* CoffeePop */;
			targetProxy = 5CF8D34B24FA772700EC8F60 /* PBXContainerItemProxy */;
		};
/* End PBXTargetDependency section */

/* Begin PBXVariantGroup section */
		5CF8D33224FA772600EC8F60 /* Main.storyboard */ = {
			isa = PBXVariantGroup;
			children = (
				5CF8D33324FA772600EC8F60 /* Base */,
			);
			name = Main.storyboard;
			sourceTree = "<group>";
		};
		5CF8D33724FA772700EC8F60 /* LaunchScreen.storyboard */ = {
			isa = PBXVariantGroup;
			children = (
				5CF8D33824FA772700EC8F60 /* Base */,
			);
			name = LaunchScreen.storyboard;
			sourceTree = "<group>";
		};
/* End PBXVariantGroup section */

/* Begin XCBuildConfiguration section */
		5CF8D35124FA772700EC8F60 /* Debug */ = {
			isa = XCBuildConfiguration;
			buildSettings = {
				ALWAYS_SEARCH_USER_PATHS = NO;
				CLANG_ANALYZER_NONNULL = YES;
				CLANG_ANALYZER_NUMBER_OBJECT_CONVERSION = YES_AGGRESSIVE;
				CLANG_CXX_LANGUAGE_STANDARD = "gnu++14";
				CLANG_CXX_LIBRARY = "libc++";
				CLANG_ENABLE_MODULES = YES;
				CLANG_ENABLE_OBJC_ARC = YES;
				CLANG_ENABLE_OBJC_WEAK = YES;
				CLANG_WARN_BLOCK_CAPTURE_AUTORELEASING = YES;
				CLANG_WARN_BOOL_CONVERSION = YES;
				CLANG_WARN_COMMA = YES;
				CLANG_WARN_CONSTANT_CONVERSION = YES;
				CLANG_WARN_DEPRECATED_OBJC_IMPLEMENTATIONS = YES;
				CLANG_WARN_DIRECT_OBJC_ISA_USAGE = YES_ERROR;
				CLANG_WARN_DOCUMENTATION_COMMENTS = YES;
				CLANG_WARN_EMPTY_BODY = YES;
				CLANG_WARN_ENUM_CONVERSION = YES;
				CLANG_WARN_INFINITE_RECURSION = YES;
				CLANG_WARN_INT_CONVERSION = YES;
				CLANG_WARN_NON_LITERAL_NULL_CONVERSION = YES;
				CLANG_WARN_OBJC_IMPLICIT_RETAIN_SELF = YES;
				CLANG_WARN_OBJC_LITERAL_CONVERSION = YES;
				CLANG_WARN_OBJC_ROOT_CLASS = YES_ERROR;
				CLANG_WARN_RANGE_LOOP_ANALYSIS = YES;
				CLANG_WARN_STRICT_PROTOTYPES = YES;
				CLANG_WARN_SUSPICIOUS_MOVE = YES;
				CLANG_WARN_UNGUARDED_AVAILABILITY = YES_AGGRESSIVE;
				CLANG_WARN_UNREACHABLE_CODE = YES;
				CLANG_WARN__DUPLICATE_METHOD_MATCH = YES;
				COPY_PHASE_STRIP = NO;
				DEBUG_INFORMATION_FORMAT = dwarf;
				ENABLE_STRICT_OBJC_MSGSEND = YES;
				ENABLE_TESTABILITY = YES;
				GCC_C_LANGUAGE_STANDARD = gnu11;
				GCC_DYNAMIC_NO_PIC = NO;
				GCC_NO_COMMON_BLOCKS = YES;
				GCC_OPTIMIZATION_LEVEL = 0;
				GCC_PREPROCESSOR_DEFINITIONS = (
					"DEBUG=1",
					"$(inherited)",
				);
				GCC_WARN_64_TO_32_BIT_CONVERSION = YES;
				GCC_WARN_ABOUT_RETURN_TYPE = YES_ERROR;
				GCC_WARN_UNDECLARED_SELECTOR = YES;
				GCC_WARN_UNINITIALIZED_AUTOS = YES_AGGRESSIVE;
				GCC_WARN_UNUSED_FUNCTION = YES;
				GCC_WARN_UNUSED_VARIABLE = YES;
				IPHONEOS_DEPLOYMENT_TARGET = 13.5;
				MTL_ENABLE_DEBUG_INFO = INCLUDE_SOURCE;
				MTL_FAST_MATH = YES;
				ONLY_ACTIVE_ARCH = YES;
				SDKROOT = iphoneos;
				SWIFT_ACTIVE_COMPILATION_CONDITIONS = DEBUG;
				SWIFT_OPTIMIZATION_LEVEL = "-Onone";
			};
			name = Debug;
		};
		5CF8D35224FA772700EC8F60 /* Release */ = {
			isa = XCBuildConfiguration;
			buildSettings = {
				ALWAYS_SEARCH_USER_PATHS = NO;
				CLANG_ANALYZER_NONNULL = YES;
				CLANG_ANALYZER_NUMBER_OBJECT_CONVERSION = YES_AGGRESSIVE;
				CLANG_CXX_LANGUAGE_STANDARD = "gnu++14";
				CLANG_CXX_LIBRARY = "libc++";
				CLANG_ENABLE_MODULES = YES;
				CLANG_ENABLE_OBJC_ARC = YES;
				CLANG_ENABLE_OBJC_WEAK = YES;
				CLANG_WARN_BLOCK_CAPTURE_AUTORELEASING = YES;
				CLANG_WARN_BOOL_CONVERSION = YES;
				CLANG_WARN_COMMA = YES;
				CLANG_WARN_CONSTANT_CONVERSION = YES;
				CLANG_WARN_DEPRECATED_OBJC_IMPLEMENTATIONS = YES;
				CLANG_WARN_DIRECT_OBJC_ISA_USAGE = YES_ERROR;
				CLANG_WARN_DOCUMENTATION_COMMENTS = YES;
				CLANG_WARN_EMPTY_BODY = YES;
				CLANG_WARN_ENUM_CONVERSION = YES;
				CLANG_WARN_INFINITE_RECURSION = YES;
				CLANG_WARN_INT_CONVERSION = YES;
				CLANG_WARN_NON_LITERAL_NULL_CONVERSION = YES;
				CLANG_WARN_OBJC_IMPLICIT_RETAIN_SELF = YES;
				CLANG_WARN_OBJC_LITERAL_CONVERSION = YES;
				CLANG_WARN_OBJC_ROOT_CLASS = YES_ERROR;
				CLANG_WARN_RANGE_LOOP_ANALYSIS = YES;
				CLANG_WARN_STRICT_PROTOTYPES = YES;
				CLANG_WARN_SUSPICIOUS_MOVE = YES;
				CLANG_WARN_UNGUARDED_AVAILABILITY = YES_AGGRESSIVE;
				CLANG_WARN_UNREACHABLE_CODE = YES;
				CLANG_WARN__DUPLICATE_METHOD_MATCH = YES;
				COPY_PHASE_STRIP = NO;
				DEBUG_INFORMATION_FORMAT = "dwarf-with-dsym";
				ENABLE_NS_ASSERTIONS = NO;
				ENABLE_STRICT_OBJC_MSGSEND = YES;
				GCC_C_LANGUAGE_STANDARD = gnu11;
				GCC_NO_COMMON_BLOCKS = YES;
				GCC_WARN_64_TO_32_BIT_CONVERSION = YES;
				GCC_WARN_ABOUT_RETURN_TYPE = YES_ERROR;
				GCC_WARN_UNDECLARED_SELECTOR = YES;
				GCC_WARN_UNINITIALIZED_AUTOS = YES_AGGRESSIVE;
				GCC_WARN_UNUSED_FUNCTION = YES;
				GCC_WARN_UNUSED_VARIABLE = YES;
				IPHONEOS_DEPLOYMENT_TARGET = 13.5;
				MTL_ENABLE_DEBUG_INFO = NO;
				MTL_FAST_MATH = YES;
				SDKROOT = iphoneos;
				SWIFT_COMPILATION_MODE = wholemodule;
				SWIFT_OPTIMIZATION_LEVEL = "-O";
				VALIDATE_PRODUCT = YES;
			};
			name = Release;
		};
		5CF8D35424FA772700EC8F60 /* Debug */ = {
			isa = XCBuildConfiguration;
			buildSettings = {
				ASSETCATALOG_COMPILER_APPICON_NAME = AppIcon;
				CODE_SIGN_STYLE = Automatic;
				INFOPLIST_FILE = CoffeePop/Info.plist;
				LD_RUNPATH_SEARCH_PATHS = (
					"$(inherited)",
					"@executable_path/Frameworks",
				);
				PRODUCT_BUNDLE_IDENTIFIER = com.shreyasvilaschandrabhike.CoffeePop;
				PRODUCT_NAME = "$(TARGET_NAME)";
				SWIFT_VERSION = 5.0;
				TARGETED_DEVICE_FAMILY = "1,2";
			};
			name = Debug;
		};
		5CF8D35524FA772700EC8F60 /* Release */ = {
			isa = XCBuildConfiguration;
			buildSettings = {
				ASSETCATALOG_COMPILER_APPICON_NAME = AppIcon;
				CODE_SIGN_STYLE = Automatic;
				INFOPLIST_FILE = CoffeePop/Info.plist;
				LD_RUNPATH_SEARCH_PATHS = (
					"$(inherited)",
					"@executable_path/Frameworks",
				);
				PRODUCT_BUNDLE_IDENTIFIER = com.shreyasvilaschandrabhike.CoffeePop;
				PRODUCT_NAME = "$(TARGET_NAME)";
				SWIFT_VERSION = 5.0;
				TARGETED_DEVICE_FAMILY = "1,2";
			};
			name = Release;
		};
		5CF8D35724FA772700EC8F60 /* Debug */ = {
			isa = XCBuildConfiguration;
			buildSettings = {
				ALWAYS_EMBED_SWIFT_STANDARD_LIBRARIES = YES;
				BUNDLE_LOADER = "$(TEST_HOST)";
				CODE_SIGN_STYLE = Automatic;
				INFOPLIST_FILE = CoffeePopTests/Info.plist;
				IPHONEOS_DEPLOYMENT_TARGET = 13.5;
				LD_RUNPATH_SEARCH_PATHS = (
					"$(inherited)",
					"@executable_path/Frameworks",
					"@loader_path/Frameworks",
				);
				PRODUCT_BUNDLE_IDENTIFIER = com.shreyasvilaschandrabhike.CoffeePopTests;
				PRODUCT_NAME = "$(TARGET_NAME)";
				SWIFT_VERSION = 5.0;
				TARGETED_DEVICE_FAMILY = "1,2";
				TEST_HOST = "$(BUILT_PRODUCTS_DIR)/CoffeePop.app/CoffeePop";
			};
			name = Debug;
		};
		5CF8D35824FA772700EC8F60 /* Release */ = {
			isa = XCBuildConfiguration;
			buildSettings = {
				ALWAYS_EMBED_SWIFT_STANDARD_LIBRARIES = YES;
				BUNDLE_LOADER = "$(TEST_HOST)";
				CODE_SIGN_STYLE = Automatic;
				INFOPLIST_FILE = CoffeePopTests/Info.plist;
				IPHONEOS_DEPLOYMENT_TARGET = 13.5;
				LD_RUNPATH_SEARCH_PATHS = (
					"$(inherited)",
					"@executable_path/Frameworks",
					"@loader_path/Frameworks",
				);
				PRODUCT_BUNDLE_IDENTIFIER = com.shreyasvilaschandrabhike.CoffeePopTests;
				PRODUCT_NAME = "$(TARGET_NAME)";
				SWIFT_VERSION = 5.0;
				TARGETED_DEVICE_FAMILY = "1,2";
				TEST_HOST = "$(BUILT_PRODUCTS_DIR)/CoffeePop.app/CoffeePop";
			};
			name = Release;
		};
		5CF8D35A24FA772700EC8F60 /* Debug */ = {
			isa = XCBuildConfiguration;
			buildSettings = {
				ALWAYS_EMBED_SWIFT_STANDARD_LIBRARIES = YES;
				CODE_SIGN_STYLE = Automatic;
				INFOPLIST_FILE = CoffeePopUITests/Info.plist;
				LD_RUNPATH_SEARCH_PATHS = (
					"$(inherited)",
					"@executable_path/Frameworks",
					"@loader_path/Frameworks",
				);
				PRODUCT_BUNDLE_IDENTIFIER = com.shreyasvilaschandrabhike.CoffeePopUITests;
				PRODUCT_NAME = "$(TARGET_NAME)";
				SWIFT_VERSION = 5.0;
				TARGETED_DEVICE_FAMILY = "1,2";
				TEST_TARGET_NAME = CoffeePop;
			};
			name = Debug;
		};
		5CF8D35B24FA772700EC8F60 /* Release */ = {
			isa = XCBuildConfiguration;
			buildSettings = {
				ALWAYS_EMBED_SWIFT_STANDARD_LIBRARIES = YES;
				CODE_SIGN_STYLE = Automatic;
				INFOPLIST_FILE = CoffeePopUITests/Info.plist;
				LD_RUNPATH_SEARCH_PATHS = (
					"$(inherited)",
					"@executable_path/Frameworks",
					"@loader_path/Frameworks",
				);
				PRODUCT_BUNDLE_IDENTIFIER = com.shreyasvilaschandrabhike.CoffeePopUITests;
				PRODUCT_NAME = "$(TARGET_NAME)";
				SWIFT_VERSION = 5.0;
				TARGETED_DEVICE_FAMILY = "1,2";
				TEST_TARGET_NAME = CoffeePop;
			};
			name = Release;
		};
/* End XCBuildConfiguration section */

/* Begin XCConfigurationList section */
		5CF8D32424FA772600EC8F60 /* Build configuration list for PBXProject "CoffeePop" */ = {
			isa = XCConfigurationList;
			buildConfigurations = (
				5CF8D35124FA772700EC8F60 /* Debug */,
				5CF8D35224FA772700EC8F60 /* Release */,
			);
			defaultConfigurationIsVisible = 0;
			defaultConfigurationName = Release;
		};
		5CF8D35324FA772700EC8F60 /* Build configuration list for PBXNativeTarget "CoffeePop" */ = {
			isa = XCConfigurationList;
			buildConfigurations = (
				5CF8D35424FA772700EC8F60 /* Debug */,
				5CF8D35524FA772700EC8F60 /* Release */,
			);
			defaultConfigurationIsVisible = 0;
			defaultConfigurationName = Release;
		};
		5CF8D35624FA772700EC8F60 /* Build configuration list for PBXNativeTarget "CoffeePopTests" */ = {
			isa = XCConfigurationList;
			buildConfigurations = (
				5CF8D35724FA772700EC8F60 /* Debug */,
				5CF8D35824FA772700EC8F60 /* Release */,
			);
			defaultConfigurationIsVisible = 0;
			defaultConfigurationName = Release;
		};
		5CF8D35924FA772700EC8F60 /* Build configuration list for PBXNativeTarget "CoffeePopUITests" */ = {
			isa = XCConfigurationList;
			buildConfigurations = (
				5CF8D35A24FA772700EC8F60 /* Debug */,
				5CF8D35B24FA772700EC8F60 /* Release */,
			);
			defaultConfigurationIsVisible = 0;
			defaultConfigurationName = Release;
		};
/* End XCConfigurationList section */
	};
	rootObject = 5CF8D32124FA772600EC8F60 /* Project object */;
}
